{
  "name": "react-native-reusable-video-player",
  "version": "0.1.0",
  "lockfileVersion": 1,
  "requires": true,
  "dependencies": {
    "@miblanchard/react-native-slider": {
      "version": "2.0.2",
      "resolved": "https://registry.npmjs.org/@miblanchard/react-native-slider/-/react-native-slider-2.0.2.tgz",
      "integrity": "sha512-z3rFxqUfe+BWQUNCytHafV9gwppYmkqxOW5tAAQ1ROS1750XJY/cd+CsJr2bvw3zak3NBT3JhSAk4/rzMViyAQ=="
    },
    "@react-navigation/core": {
      "version": "6.1.0",
      "resolved": "https://registry.npmjs.org/@react-navigation/core/-/core-6.1.0.tgz",
      "integrity": "sha512-LyZqD/ZCXSK9+ES8KiH+0tU+7aL84jUw1N9OxZfEuns/OcnSXKC3sOO+9NQ9XRowB1wLUfJhmqZ8G8rUlg33fQ==",
      "requires": {
        "@react-navigation/routers": "^6.1.0",
        "escape-string-regexp": "^4.0.0",
        "nanoid": "^3.1.23",
        "query-string": "^7.0.0",
        "react-is": "^16.13.0"
      }
    },
    "@react-navigation/routers": {
      "version": "6.1.0",
      "resolved": "https://registry.npmjs.org/@react-navigation/routers/-/routers-6.1.0.tgz",
      "integrity": "sha512-8xJL+djIzpFdRW/sGlKojQ06fWgFk1c5jER9501HYJ12LF5DIJFr/tqBI2TJ6bk+y+QFu0nbNyeRC80OjRlmkA==",
      "requires": {
        "nanoid": "^3.1.23"
      }
    },
    "decode-uri-component": {
      "version": "0.2.0",
      "resolved": "https://registry.npmjs.org/decode-uri-component/-/decode-uri-component-0.2.0.tgz",
      "integrity": "sha1-6zkTMzRYd1y4TNGh+uBiEGu4dUU="
    },
    "eme-encryption-scheme-polyfill": {
      "version": "2.0.3",
      "resolved": "https://registry.npmjs.org/eme-encryption-scheme-polyfill/-/eme-encryption-scheme-polyfill-2.0.3.tgz",
      "integrity": "sha512-44CNFMsqzHdKHrzWxlS7xZ8KUHn5XutBqpmCuWzNIynmAyFInHrrD3ozv/RvK9ZhgV6QY6Easx8EWAmxteNodg=="
    },
    "escape-string-regexp": {
      "version": "4.0.0",
      "resolved": "https://registry.npmjs.org/escape-string-regexp/-/escape-string-regexp-4.0.0.tgz",
      "integrity": "sha512-TtpcNJ3XAzx3Gq8sWRzJaVajRs0uVxA2YAkdb1jm2YkPz4G6egUFAyA3n5vtEIZefPk5Wa4UXbKuS5fKkJWdgA=="
    },
    "filter-obj": {
      "version": "1.1.0",
      "resolved": "https://registry.npmjs.org/filter-obj/-/filter-obj-1.1.0.tgz",
      "integrity": "sha1-mzERErxsYSehbgFsbF1/GeCAXFs="
    },
    "js-tokens": {
      "version": "4.0.0",
      "resolved": "https://registry.npmjs.org/js-tokens/-/js-tokens-4.0.0.tgz",
      "integrity": "sha512-RdJUflcE3cUzKiMqQgsCu06FPu9UdIJO0beYbPhHN4k6apgJtifcoCtT9bcxOpYBtpD2kCM6Sbzg4CausW/PKQ=="
    },
    "keymirror": {
      "version": "0.1.1",
      "resolved": "https://registry.npmjs.org/keymirror/-/keymirror-0.1.1.tgz",
      "integrity": "sha1-kYiJ6hP40KQufFVyUO7nE63JXDU="
    },
    "loose-envify": {
      "version": "1.4.0",
      "resolved": "https://registry.npmjs.org/loose-envify/-/loose-envify-1.4.0.tgz",
      "integrity": "sha512-lyuxPGr/Wfhrlem2CL/UcnUc1zcqKAImBDzukY7Y5F/yQiNdko6+fRLevlw1HgMySw7f611UIY408EtxRSoK3Q==",
      "requires": {
        "js-tokens": "^3.0.0 || ^4.0.0"
      }
    },
    "nanoid": {
      "version": "3.1.30",
      "resolved": "https://registry.npmjs.org/nanoid/-/nanoid-3.1.30.tgz",
      "integrity": "sha512-zJpuPDwOv8D2zq2WRoMe1HsfZthVewpel9CAvTfc/2mBD1uUT/agc5f7GHGWXlYkFvi1mVxe4IjvP2HNrop7nQ=="
    },
    "object-assign": {
      "version": "4.1.1",
      "resolved": "https://registry.npmjs.org/object-assign/-/object-assign-4.1.1.tgz",
      "integrity": "sha1-IQmtx5ZYh8/AXLvUQsrIv7s2CGM="
    },
    "prop-types": {
      "version": "15.7.2",
      "resolved": "https://registry.npmjs.org/prop-types/-/prop-types-15.7.2.tgz",
      "integrity": "sha512-8QQikdH7//R2vurIJSutZ1smHYTcLpRWEOlHnzcWHmBYrOGUysKwSsrC89BCiFj3CbrfJ/nXFdJepOVrY1GCHQ==",
      "requires": {
        "loose-envify": "^1.4.0",
        "object-assign": "^4.1.1",
        "react-is": "^16.8.1"
      }
    },
    "query-string": {
      "version": "7.0.1",
      "resolved": "https://registry.npmjs.org/query-string/-/query-string-7.0.1.tgz",
      "integrity": "sha512-uIw3iRvHnk9to1blJCG3BTc+Ro56CBowJXKmNNAm3RulvPBzWLRqKSiiDk+IplJhsydwtuNMHi8UGQFcCLVfkA==",
      "requires": {
        "decode-uri-component": "^0.2.0",
        "filter-obj": "^1.1.0",
        "split-on-first": "^1.0.0",
        "strict-uri-encode": "^2.0.0"
      }
    },
    "react-is": {
      "version": "16.13.1",
      "resolved": "https://registry.npmjs.org/react-is/-/react-is-16.13.1.tgz",
      "integrity": "sha512-24e6ynE2H+OKt4kqsOvNd8kBpV65zoxbA4BVsEOB3ARVWQki/DHzaUoC5KuON/BiccDaCCTZBuOcfZs70kR8bQ=="
    },
    "react-native-device-info": {
      "version": "8.4.1",
      "resolved": "https://registry.npmjs.org/react-native-device-info/-/react-native-device-info-8.4.1.tgz",
      "integrity": "sha512-O+G0wUXAc3196CUAs/C/ugIvIUvTMPvw7gixStZyXOpOGwGQKWx6if1YV1qLD5oPldxSvg17CdgB91yOLniKEA=="
    },
    "react-native-immersive": {
      "version": "2.0.0",
      "resolved": "https://registry.npmjs.org/react-native-immersive/-/react-native-immersive-2.0.0.tgz",
      "integrity": "sha512-9TL05nTHN/x9sN1wbUlBoGyzH4NCuZ/7WEEUp5CvOoKuUABvdYosov0O0SAMbm/5J913RRoy98VB6tGNi9lRSw=="
    },
    "react-native-orientation": {
      "version": "3.1.3",
      "resolved": "https://registry.npmjs.org/react-native-orientation/-/react-native-orientation-3.1.3.tgz",
      "integrity": "sha512-A0h0E+2f95X4avmhaBG1ZT8WDxBACA/q//JN2eF1E7kq8AJVxt5XDiavv+aSBkBlqFsfF3bIS+T/DB5mXmnxuA=="
    },
    "react-native-system-setting": {
      "version": "1.7.6",
      "resolved": "https://registry.npmjs.org/react-native-system-setting/-/react-native-system-setting-1.7.6.tgz",
      "integrity": "sha512-nBnIK5Xnyu8XRRA3BMzRI54oYlSBKc0oOTQdZOCEeOvn4ltS1nk2shj/vtMQe6khXvuhai3vIc+g7DcsOcr5+w=="
    },
    "react-native-video": {
      "version": "5.2.0",
      "resolved": "https://registry.npmjs.org/react-native-video/-/react-native-video-5.2.0.tgz",
      "integrity": "sha512-5SK1lxyzrCkZF+WuxUxLR1Pt65E0rsWB1w1GrGxSLdC9zWYBumcmuHl+wPJ7UQvznjaH2Ze7uU1R3arejI7+WQ==",
      "requires": {
        "keymirror": "^0.1.1",
        "prop-types": "^15.7.2",
        "shaka-player": "^2.5.9"
      }
    },
    "shaka-player": {
      "version": "2.5.23",
      "resolved": "https://registry.npmjs.org/shaka-player/-/shaka-player-2.5.23.tgz",
      "integrity": "sha512-3MC9k0OXJGw8AZ4n/ZNCZS2yDxx+3as5KgH6Tx4Q5TRboTBBCu6dYPI5vp1DxKeyU12MBN1Zcbs7AKzXv2EnCg==",
      "requires": {
        "eme-encryption-scheme-polyfill": "^2.0.1"
      }
    },
    "split-on-first": {
      "version": "1.1.0",
      "resolved": "https://registry.npmjs.org/split-on-first/-/split-on-first-1.1.0.tgz",
      "integrity": "sha512-43ZssAJaMusuKWL8sKUBQXHWOpq8d6CfN/u1p4gUzfJkM05C8rxTmYrkIPTXapZpORA6LkkzcUulJ8FqA7Uudw=="
    },
    "strict-uri-encode": {
      "version": "2.0.0",
      "resolved": "https://registry.npmjs.org/strict-uri-encode/-/strict-uri-encode-2.0.0.tgz",
      "integrity": "sha1-ucczDHBChi9rFC3CdLvMWGbONUY="
    }
  }
}
